
Microsoft Visual Studio Solution File, Format Version 12.00
# Visual Studio Version 16
VisualStudioVersion = 16.0.31410.357
MinimumVisualStudioVersion = 10.0.40219.1
Project("{FAE04EC0-301F-11D3-BF4B-00C04F79EFBC}") = "DetecçãoFacial", "DetecçãoFacial.csproj", "{3E2365E1-8F67-4E69-BF5B-721C411F677B}"
EndProject
Global
	GlobalSection(SolutionConfigurationPlatforms) = preSolution
		Debug|Any CPU = Debug|Any CPU
		Release|Any CPU = Release|Any CPU
	EndGlobalSection
	GlobalSection(ProjectConfigurationPlatforms) = postSolution
		{3E2365E1-8F67-4E69-BF5B-721C411F677B}.Debug|Any CPU.ActiveCfg = Debug|Any CPU
		{3E2365E1-8F67-4E69-BF5B-721C411F677B}.Debug|Any CPU.Build.0 = Debug|Any CPU
		{3E2365E1-8F67-4E69-BF5B-721C411F677B}.Release|Any CPU.ActiveCfg = Release|Any CPU
		{3E2365E1-8F67-4E69-BF5B-721C411F677B}.Release|Any CPU.Build.0 = Release|Any CPU
	EndGlobalSection
	GlobalSection(SolutionProperties) = preSolution
		HideSolutionNode = FALSE
	EndGlobalSection
	GlobalSection(ExtensibilityGlobals) = postSolution
		SolutionGuid = {185E8E06-5BC5-4F47-82F5-A2BB302B292E}
	EndGlobalSection
EndGlobal
